
Microsoft Visual Studio Solution File, Format Version 12.00
# Visual Studio Version 16
VisualStudioVersion = 16.0.31019.35
MinimumVisualStudioVersion = 10.0.40219.1
Project("{FAE04EC0-301F-11D3-BF4B-00C04F79EFBC}") = "InformationSchool", "InformationSchool\InformationSchool.csproj", "{CAF1F958-CF7E-458B-B64E-F9780A739B62}"
EndProject
Global
	GlobalSection(SolutionConfigurationPlatforms) = preSolution
		Debug|Any CPU = Debug|Any CPU
		Release|Any CPU = Release|Any CPU
	EndGlobalSection
	GlobalSection(ProjectConfigurationPlatforms) = postSolution
		{CAF1F958-CF7E-458B-B64E-F9780A739B62}.Debug|Any CPU.ActiveCfg = Debug|Any CPU
		{CAF1F958-CF7E-458B-B64E-F9780A739B62}.Debug|Any CPU.Build.0 = Debug|Any CPU
		{CAF1F958-CF7E-458B-B64E-F9780A739B62}.Release|Any CPU.ActiveCfg = Release|Any CPU
		{CAF1F958-CF7E-458B-B64E-F9780A739B62}.Release|Any CPU.Build.0 = Release|Any CPU
	EndGlobalSection
	GlobalSection(SolutionProperties) = preSolution
		HideSolutionNode = FALSE
	EndGlobalSection
	GlobalSection(ExtensibilityGlobals) = postSolution
		SolutionGuid = {2AAEB0DB-4C4B-440E-8AE4-EB8B0950BA89}
	EndGlobalSection
EndGlobal
